
Microsoft Visual Studio Solution File, Format Version 12.00
# Visual Studio Version 16
VisualStudioVersion = 16.0.30011.22
MinimumVisualStudioVersion = 10.0.40219.1
Project("{9A19103F-16F7-4668-BE54-9A1E7A4F7556}") = "Azure.StaticWebsite", "Azure.StaticWebsite.csproj", "{88857C06-BD71-4E2D-BA2D-CC4E5801AD9A}"
EndProject
Global
	GlobalSection(SolutionConfigurationPlatforms) = preSolution
		Debug|Any CPU = Debug|Any CPU
		Release|Any CPU = Release|Any CPU
	EndGlobalSection
	GlobalSection(ProjectConfigurationPlatforms) = postSolution
		{88857C06-BD71-4E2D-BA2D-CC4E5801AD9A}.Debug|Any CPU.ActiveCfg = Debug|Any CPU
		{88857C06-BD71-4E2D-BA2D-CC4E5801AD9A}.Debug|Any CPU.Build.0 = Debug|Any CPU
		{88857C06-BD71-4E2D-BA2D-CC4E5801AD9A}.Release|Any CPU.ActiveCfg = Release|Any CPU
		{88857C06-BD71-4E2D-BA2D-CC4E5801AD9A}.Release|Any CPU.Build.0 = Release|Any CPU
	EndGlobalSection
	GlobalSection(SolutionProperties) = preSolution
		HideSolutionNode = FALSE
	EndGlobalSection
	GlobalSection(ExtensibilityGlobals) = postSolution
		SolutionGuid = {A9A45FA4-41B0-449F-B4A0-D7FC5E8A8C5E}
	EndGlobalSection
EndGlobal
